
Microsoft Visual Studio Solution File, Format Version 12.00
# Visual Studio 2015
Project("{FAE04EC0-301F-11D3-BF4B-00C04F79EFBC}") = "Horror.CSharp", "Horror.CSharp.csproj", "{C0FFDC15-12AF-EEA9-A556-815F262C4526}"
EndProject
Project("{FAE04EC0-301F-11D3-BF4B-00C04F79EFBC}") = "Horror.CSharp.Editor", "Horror.CSharp.Editor.csproj", "{77FFFDA0-B69B-DE51-128D-5F994003B735}"
EndProject
Global
	GlobalSection(SolutionConfigurationPlatforms) = preSolution
		Debug|Any CPU = Debug|Any CPU
		Release|Any CPU = Release|Any CPU
	EndGlobalSection
	GlobalSection(ProjectConfigurationPlatforms) = postSolution
		{C0FFDC15-12AF-EEA9-A556-815F262C4526}.Debug|Any CPU.ActiveCfg = Debug|Any CPU
		{C0FFDC15-12AF-EEA9-A556-815F262C4526}.Debug|Any CPU.Build.0 = Debug|Any CPU
		{C0FFDC15-12AF-EEA9-A556-815F262C4526}.Release|Any CPU.ActiveCfg = Release|Any CPU
		{C0FFDC15-12AF-EEA9-A556-815F262C4526}.Release|Any CPU.Build.0 = Release|Any CPU
		{77FFFDA0-B69B-DE51-128D-5F994003B735}.Debug|Any CPU.ActiveCfg = Debug|Any CPU
		{77FFFDA0-B69B-DE51-128D-5F994003B735}.Debug|Any CPU.Build.0 = Debug|Any CPU
		{77FFFDA0-B69B-DE51-128D-5F994003B735}.Release|Any CPU.ActiveCfg = Release|Any CPU
		{77FFFDA0-B69B-DE51-128D-5F994003B735}.Release|Any CPU.Build.0 = Release|Any CPU
	EndGlobalSection
	GlobalSection(SolutionProperties) = preSolution
		HideSolutionNode = FALSE
	EndGlobalSection
EndGlobal
